
Microsoft Visual Studio Solution File, Format Version 12.00
# Visual Studio 15
VisualStudioVersion = 15.0.26730.16
MinimumVisualStudioVersion = 10.0.40219.1
Project("{FAE04EC0-301F-11D3-BF4B-00C04F79EFBC}") = "Neuron", "WindowsFormsApp1\Neuron.csproj", "{6AA870DD-D4BD-4F22-8F87-772C1B9828CE}"
EndProject
Global
	GlobalSection(SolutionConfigurationPlatforms) = preSolution
		Debug|Any CPU = Debug|Any CPU
		Debug|x86 = Debug|x86
		Release|Any CPU = Release|Any CPU
		Release|x86 = Release|x86
	EndGlobalSection
	GlobalSection(ProjectConfigurationPlatforms) = postSolution
		{6AA870DD-D4BD-4F22-8F87-772C1B9828CE}.Debug|Any CPU.ActiveCfg = Debug|Any CPU
		{6AA870DD-D4BD-4F22-8F87-772C1B9828CE}.Debug|Any CPU.Build.0 = Debug|Any CPU
		{6AA870DD-D4BD-4F22-8F87-772C1B9828CE}.Debug|x86.ActiveCfg = Debug|x86
		{6AA870DD-D4BD-4F22-8F87-772C1B9828CE}.Debug|x86.Build.0 = Debug|x86
		{6AA870DD-D4BD-4F22-8F87-772C1B9828CE}.Release|Any CPU.ActiveCfg = Release|Any CPU
		{6AA870DD-D4BD-4F22-8F87-772C1B9828CE}.Release|Any CPU.Build.0 = Release|Any CPU
		{6AA870DD-D4BD-4F22-8F87-772C1B9828CE}.Release|x86.ActiveCfg = Release|x86
		{6AA870DD-D4BD-4F22-8F87-772C1B9828CE}.Release|x86.Build.0 = Release|x86
	EndGlobalSection
	GlobalSection(SolutionProperties) = preSolution
		HideSolutionNode = FALSE
	EndGlobalSection
	GlobalSection(ExtensibilityGlobals) = postSolution
		SolutionGuid = {AFCA9057-27E6-41A2-B108-B06E3BF675EA}
	EndGlobalSection
EndGlobal
